
Microsoft Visual Studio Solution File, Format Version 12.00
# Visual Studio Version 16
VisualStudioVersion = 16.0.31911.196
MinimumVisualStudioVersion = 10.0.40219.1
Project("{FAE04EC0-301F-11D3-BF4B-00C04F79EFBC}") = "WebApplication2", "WebApplication2\WebApplication2.csproj", "{A5E40E65-A7AC-4498-B7FD-D0D0DE3D301C}"
EndProject
Global
	GlobalSection(SolutionConfigurationPlatforms) = preSolution
		Debug|Any CPU = Debug|Any CPU
		Release|Any CPU = Release|Any CPU
	EndGlobalSection
	GlobalSection(ProjectConfigurationPlatforms) = postSolution
		{A5E40E65-A7AC-4498-B7FD-D0D0DE3D301C}.Debug|Any CPU.ActiveCfg = Debug|Any CPU
		{A5E40E65-A7AC-4498-B7FD-D0D0DE3D301C}.Debug|Any CPU.Build.0 = Debug|Any CPU
		{A5E40E65-A7AC-4498-B7FD-D0D0DE3D301C}.Release|Any CPU.ActiveCfg = Release|Any CPU
		{A5E40E65-A7AC-4498-B7FD-D0D0DE3D301C}.Release|Any CPU.Build.0 = Release|Any CPU
	EndGlobalSection
	GlobalSection(SolutionProperties) = preSolution
		HideSolutionNode = FALSE
	EndGlobalSection
	GlobalSection(ExtensibilityGlobals) = postSolution
		SolutionGuid = {6FE9E412-9B7C-49E2-B474-69B90F8C2314}
	EndGlobalSection
EndGlobal
